
Microsoft Visual Studio Solution File, Format Version 12.00
# Visual Studio Version 17
VisualStudioVersion = 17.0.31919.166
MinimumVisualStudioVersion = 10.0.40219.1
Project("{9A19103F-16F7-4668-BE54-9A1E7A4F7556}") = "AspNetCoreGrpcService", "AspNetCoreGrpcService\AspNetCoreGrpcService.csproj", "{E21339A5-7A43-4D20-BA65-854521F55667}"
EndProject
Project("{9A19103F-16F7-4668-BE54-9A1E7A4F7556}") = "WorkerServiceGrpcService", "WorkerServiceGrpcService\WorkerServiceGrpcService.csproj", "{B24F45F2-8656-4E55-BDA2-025C3CB39A4D}"
EndProject
Project("{E53339B2-1760-4266-BCC7-CA923CBCF16C}") = "docker-compose", "docker-compose.dcproj", "{235C060D-F4D3-4E7B-A1EB-E8A2983177E1}"
EndProject
Project("{FAE04EC0-301F-11D3-BF4B-00C04F79EFBC}") = "ConsoleGrpcClient", "ConsoleGrpcClient\ConsoleGrpcClient.csproj", "{BD6E9778-A035-4775-BA6A-33FF703664EF}"
EndProject
Project("{2150E333-8FDC-42A3-9474-1A3956D46DE8}") = "Solution Items", "Solution Items", "{69E3BCF9-03E4-45C9-A63E-71F3756B8E93}"
	ProjectSection(SolutionItems) = preProject
		.editorconfig = .editorconfig
	EndProjectSection
EndProject
Global
	GlobalSection(SolutionConfigurationPlatforms) = preSolution
		Debug|Any CPU = Debug|Any CPU
		Release|Any CPU = Release|Any CPU
	EndGlobalSection
	GlobalSection(ProjectConfigurationPlatforms) = postSolution
		{E21339A5-7A43-4D20-BA65-854521F55667}.Debug|Any CPU.ActiveCfg = Debug|Any CPU
		{E21339A5-7A43-4D20-BA65-854521F55667}.Debug|Any CPU.Build.0 = Debug|Any CPU
		{E21339A5-7A43-4D20-BA65-854521F55667}.Release|Any CPU.ActiveCfg = Release|Any CPU
		{E21339A5-7A43-4D20-BA65-854521F55667}.Release|Any CPU.Build.0 = Release|Any CPU
		{B24F45F2-8656-4E55-BDA2-025C3CB39A4D}.Debug|Any CPU.ActiveCfg = Debug|Any CPU
		{B24F45F2-8656-4E55-BDA2-025C3CB39A4D}.Debug|Any CPU.Build.0 = Debug|Any CPU
		{B24F45F2-8656-4E55-BDA2-025C3CB39A4D}.Release|Any CPU.ActiveCfg = Release|Any CPU
		{B24F45F2-8656-4E55-BDA2-025C3CB39A4D}.Release|Any CPU.Build.0 = Release|Any CPU
		{235C060D-F4D3-4E7B-A1EB-E8A2983177E1}.Debug|Any CPU.ActiveCfg = Debug|Any CPU
		{235C060D-F4D3-4E7B-A1EB-E8A2983177E1}.Debug|Any CPU.Build.0 = Debug|Any CPU
		{235C060D-F4D3-4E7B-A1EB-E8A2983177E1}.Release|Any CPU.ActiveCfg = Release|Any CPU
		{235C060D-F4D3-4E7B-A1EB-E8A2983177E1}.Release|Any CPU.Build.0 = Release|Any CPU
		{BD6E9778-A035-4775-BA6A-33FF703664EF}.Debug|Any CPU.ActiveCfg = Debug|Any CPU
		{BD6E9778-A035-4775-BA6A-33FF703664EF}.Debug|Any CPU.Build.0 = Debug|Any CPU
		{BD6E9778-A035-4775-BA6A-33FF703664EF}.Release|Any CPU.ActiveCfg = Release|Any CPU
		{BD6E9778-A035-4775-BA6A-33FF703664EF}.Release|Any CPU.Build.0 = Release|Any CPU
	EndGlobalSection
	GlobalSection(SolutionProperties) = preSolution
		HideSolutionNode = FALSE
	EndGlobalSection
	GlobalSection(ExtensibilityGlobals) = postSolution
		SolutionGuid = {332E7A29-70F9-475A-93A2-F4C33662C384}
	EndGlobalSection
EndGlobal
